// !$*UTF8*$!
{
	archiveVersion = 1;
	classes = {
	};
	objectVersion = 46;
	objects = {

/* Begin PBXBuildFile section */
		825587961AA51FA5003571F0 /* main.m in Sources */ = {isa = PBXBuildFile; fileRef = 825587951AA51FA5003571F0 /* main.m */; };
		825587991AA51FA5003571F0 /* AppDelegate.m in Sources */ = {isa = PBXBuildFile; fileRef = 825587981AA51FA5003571F0 /* AppDelegate.m */; };
		8255879C1AA51FA5003571F0 /* Passingthought.xcdatamodeld in Sources */ = {isa = PBXBuildFile; fileRef = 8255879A1AA51FA5003571F0 /* Passingthought.xcdatamodeld */; };
		8255879F1AA51FA5003571F0 /* MasterViewController.m in Sources */ = {isa = PBXBuildFile; fileRef = 8255879E1AA51FA5003571F0 /* MasterViewController.m */; };
		825587A21AA51FA5003571F0 /* DetailViewController.m in Sources */ = {isa = PBXBuildFile; fileRef = 825587A11AA51FA5003571F0 /* DetailViewController.m */; };
		825587A51AA51FA5003571F0 /* Main.storyboard in Resources */ = {isa = PBXBuildFile; fileRef = 825587A31AA51FA5003571F0 /* Main.storyboard */; };
		825587A71AA51FA5003571F0 /* Images.xcassets in Resources */ = {isa = PBXBuildFile; fileRef = 825587A61AA51FA5003571F0 /* Images.xcassets */; };
		825587AA1AA51FA5003571F0 /* LaunchScreen.xib in Resources */ = {isa = PBXBuildFile; fileRef = 825587A81AA51FA5003571F0 /* LaunchScreen.xib */; };
		825587B61AA51FA5003571F0 /* PassingthoughtTests.m in Sources */ = {isa = PBXBuildFile; fileRef = 825587B51AA51FA5003571F0 /* PassingthoughtTests.m */; };
/* End PBXBuildFile section */

/* Begin PBXContainerItemProxy section */
		825587B01AA51FA5003571F0 /* PBXContainerItemProxy */ = {
			isa = PBXContainerItemProxy;
			containerPortal = 825587881AA51FA5003571F0 /* Project object */;
			proxyType = 1;
			remoteGlobalIDString = 8255878F1AA51FA5003571F0;
			remoteInfo = Passingthought;
		};
/* End PBXContainerItemProxy section */

/* Begin PBXFileReference section */
		825587901AA51FA5003571F0 /* Passingthought.app */ = {isa = PBXFileReference; explicitFileType = wrapper.application; includeInIndex = 0; path = Passingthought.app; sourceTree = BUILT_PRODUCTS_DIR; };
		825587941AA51FA5003571F0 /* Info.plist */ = {isa = PBXFileReference; lastKnownFileType = text.plist.xml; path = Info.plist; sourceTree = "<group>"; };
		825587951AA51FA5003571F0 /* main.m */ = {isa = PBXFileReference; lastKnownFileType = sourcecode.c.objc; path = main.m; sourceTree = "<group>"; };
		825587971AA51FA5003571F0 /* AppDelegate.h */ = {isa = PBXFileReference; lastKnownFileType = sourcecode.c.h; path = AppDelegate.h; sourceTree = "<group>"; };
		825587981AA51FA5003571F0 /* AppDelegate.m */ = {isa = PBXFileReference; lastKnownFileType = sourcecode.c.objc; path = AppDelegate.m; sourceTree = "<group>"; };
		8255879B1AA51FA5003571F0 /* Passingthought.xcdatamodel */ = {isa = PBXFileReference; lastKnownFileType = wrapper.xcdatamodel; path = Passingthought.xcdatamodel; sourceTree = "<group>"; };
		8255879D1AA51FA5003571F0 /* MasterViewController.h */ = {isa = PBXFileReference; lastKnownFileType = sourcecode.c.h; path = MasterViewController.h; sourceTree = "<group>"; };
		8255879E1AA51FA5003571F0 /* MasterViewController.m */ = {isa = PBXFileReference; lastKnownFileType = sourcecode.c.objc; path = MasterViewController.m; sourceTree = "<group>"; };
		825587A01AA51FA5003571F0 /* DetailViewController.h */ = {isa = PBXFileReference; lastKnownFileType = sourcecode.c.h; path = DetailViewController.h; sourceTree = "<group>"; };
		825587A11AA51FA5003571F0 /* DetailViewController.m */ = {isa = PBXFileReference; lastKnownFileType = sourcecode.c.objc; path = DetailViewController.m; sourceTree = "<group>"; };
		825587A41AA51FA5003571F0 /* Base */ = {isa = PBXFileReference; lastKnownFileType = file.storyboard; name = Base; path = Base.lproj/Main.storyboard; sourceTree = "<group>"; };
		825587A61AA51FA5003571F0 /* Images.xcassets */ = {isa = PBXFileReference; lastKnownFileType = folder.assetcatalog; path = Images.xcassets; sourceTree = "<group>"; };
		825587A91AA51FA5003571F0 /* Base */ = {isa = PBXFileReference; lastKnownFileType = file.xib; name = Base; path = Base.lproj/LaunchScreen.xib; sourceTree = "<group>"; };
		825587AF1AA51FA5003571F0 /* PassingthoughtTests.xctest */ = {isa = PBXFileReference; explicitFileType = wrapper.cfbundle; includeInIndex = 0; path = PassingthoughtTests.xctest; sourceTree = BUILT_PRODUCTS_DIR; };
		825587B41AA51FA5003571F0 /* Info.plist */ = {isa = PBXFileReference; lastKnownFileType = text.plist.xml; path = Info.plist; sourceTree = "<group>"; };
		825587B51AA51FA5003571F0 /* PassingthoughtTests.m */ = {isa = PBXFileReference; lastKnownFileType = sourcecode.c.objc; path = PassingthoughtTests.m; sourceTree = "<group>"; };
		825587BF1AA52294003571F0 /* Passingthought 2.xcdatamodel */ = {isa = PBXFileReference; lastKnownFileType = wrapper.xcdatamodel; path = "Passingthought 2.xcdatamodel"; sourceTree = "<group>"; };
/* End PBXFileReference section */

/* Begin PBXFrameworksBuildPhase section */
		8255878D1AA51FA5003571F0 /* Frameworks */ = {
			isa = PBXFrameworksBuildPhase;
			buildActionMask = 2147483647;
			files = (
			);
			runOnlyForDeploymentPostprocessing = 0;
		};
		825587AC1AA51FA5003571F0 /* Frameworks */ = {
			isa = PBXFrameworksBuildPhase;
			buildActionMask = 2147483647;
			files = (
			);
			runOnlyForDeploymentPostprocessing = 0;
		};
/* End PBXFrameworksBuildPhase section */

/* Begin PBXGroup section */
		825587871AA51FA5003571F0 = {
			isa = PBXGroup;
			children = (
				825587921AA51FA5003571F0 /* Passingthought */,
				825587B21AA51FA5003571F0 /* PassingthoughtTests */,
				825587911AA51FA5003571F0 /* Products */,
			);
			sourceTree = "<group>";
		};
		825587911AA51FA5003571F0 /* Products */ = {
			isa = PBXGroup;
			children = (
				825587901AA51FA5003571F0 /* Passingthought.app */,
				825587AF1AA51FA5003571F0 /* PassingthoughtTests.xctest */,
			);
			name = Products;
			sourceTree = "<group>";
		};
		825587921AA51FA5003571F0 /* Passingthought */ = {
			isa = PBXGroup;
			children = (
				825587971AA51FA5003571F0 /* AppDelegate.h */,
				825587981AA51FA5003571F0 /* AppDelegate.m */,
				8255879D1AA51FA5003571F0 /* MasterViewController.h */,
				8255879E1AA51FA5003571F0 /* MasterViewController.m */,
				825587A01AA51FA5003571F0 /* DetailViewController.h */,
				825587A11AA51FA5003571F0 /* DetailViewController.m */,
				825587A31AA51FA5003571F0 /* Main.storyboard */,
				825587A61AA51FA5003571F0 /* Images.xcassets */,
				825587A81AA51FA5003571F0 /* LaunchScreen.xib */,
				8255879A1AA51FA5003571F0 /* Passingthought.xcdatamodeld */,
				825587931AA51FA5003571F0 /* Supporting Files */,
			);
			path = Passingthought;
			sourceTree = "<group>";
		};
		825587931AA51FA5003571F0 /* Supporting Files */ = {
			isa = PBXGroup;
			children = (
				825587941AA51FA5003571F0 /* Info.plist */,
				825587951AA51FA5003571F0 /* main.m */,
			);
			name = "Supporting Files";
			sourceTree = "<group>";
		};
		825587B21AA51FA5003571F0 /* PassingthoughtTests */ = {
			isa = PBXGroup;
			children = (
				825587B51AA51FA5003571F0 /* PassingthoughtTests.m */,
				825587B31AA51FA5003571F0 /* Supporting Files */,
			);
			path = PassingthoughtTests;
			sourceTree = "<group>";
		};
		825587B31AA51FA5003571F0 /* Supporting Files */ = {
			isa = PBXGroup;
			children = (
				825587B41AA51FA5003571F0 /* Info.plist */,
			);
			name = "Supporting Files";
			sourceTree = "<group>";
		};
/* End PBXGroup section */

/* Begin PBXNativeTarget section */
		8255878F1AA51FA5003571F0 /* Passingthought */ = {
			isa = PBXNativeTarget;
			buildConfigurationList = 825587B91AA51FA5003571F0 /* Build configuration list for PBXNativeTarget "Passingthought" */;
			buildPhases = (
				8255878C1AA51FA5003571F0 /* Sources */,
				8255878D1AA51FA5003571F0 /* Frameworks */,
				8255878E1AA51FA5003571F0 /* Resources */,
			);
			buildRules = (
			);
			dependencies = (
			);
			name = Passingthought;
			productName = Passingthought;
			productReference = 825587901AA51FA5003571F0 /* Passingthought.app */;
			productType = "com.apple.product-type.application";
		};
		825587AE1AA51FA5003571F0 /* PassingthoughtTests */ = {
			isa = PBXNativeTarget;
			buildConfigurationList = 825587BC1AA51FA5003571F0 /* Build configuration list for PBXNativeTarget "PassingthoughtTests" */;
			buildPhases = (
				825587AB1AA51FA5003571F0 /* Sources */,
				825587AC1AA51FA5003571F0 /* Frameworks */,
				825587AD1AA51FA5003571F0 /* Resources */,
			);
			buildRules = (
			);
			dependencies = (
				825587B11AA51FA5003571F0 /* PBXTargetDependency */,
			);
			name = PassingthoughtTests;
			productName = PassingthoughtTests;
			productReference = 825587AF1AA51FA5003571F0 /* PassingthoughtTests.xctest */;
			productType = "com.apple.product-type.bundle.unit-test";
		};
/* End PBXNativeTarget section */

/* Begin PBXProject section */
		825587881AA51FA5003571F0 /* Project object */ = {
			isa = PBXProject;
			attributes = {
				LastUpgradeCheck = 0610;
				ORGANIZATIONNAME = Owner;
				TargetAttributes = {
					8255878F1AA51FA5003571F0 = {
						CreatedOnToolsVersion = 6.1.1;
					};
					825587AE1AA51FA5003571F0 = {
						CreatedOnToolsVersion = 6.1.1;
						TestTargetID = 8255878F1AA51FA5003571F0;
					};
				};
			};
			buildConfigurationList = 8255878B1AA51FA5003571F0 /* Build configuration list for PBXProject "Passingthought" */;
			compatibilityVersion = "Xcode 3.2";
			developmentRegion = English;
			hasScannedForEncodings = 0;
			knownRegions = (
				en,
				Base,
			);
			mainGroup = 825587871AA51FA5003571F0;
			productRefGroup = 825587911AA51FA5003571F0 /* Products */;
			projectDirPath = "";
			projectRoot = "";
			targets = (
				8255878F1AA51FA5003571F0 /* Passingthought */,
				825587AE1AA51FA5003571F0 /* PassingthoughtTests */,
			);
		};
/* End PBXProject section */

/* Begin PBXResourcesBuildPhase section */
		8255878E1AA51FA5003571F0 /* Resources */ = {
			isa = PBXResourcesBuildPhase;
			buildActionMask = 2147483647;
			files = (
				825587A51AA51FA5003571F0 /* Main.storyboard in Resources */,
				825587AA1AA51FA5003571F0 /* LaunchScreen.xib in Resources */,
				825587A71AA51FA5003571F0 /* Images.xcassets in Resources */,
			);
			runOnlyForDeploymentPostprocessing = 0;
		};
		825587AD1AA51FA5003571F0 /* Resources */ = {
			isa = PBXResourcesBuildPhase;
			buildActionMask = 2147483647;
			files = (
			);
			runOnlyForDeploymentPostprocessing = 0;
		};
/* End PBXResourcesBuildPhase section */

/* Begin PBXSourcesBuildPhase section */
		8255878C1AA51FA5003571F0 /* Sources */ = {
			isa = PBXSourcesBuildPhase;
			buildActionMask = 2147483647;
			files = (
				825587A21AA51FA5003571F0 /* DetailViewController.m in Sources */,
				8255879F1AA51FA5003571F0 /* MasterViewController.m in Sources */,
				825587991AA51FA5003571F0 /* AppDelegate.m in Sources */,
				8255879C1AA51FA5003571F0 /* Passingthought.xcdatamodeld in Sources */,
				825587961AA51FA5003571F0 /* main.m in Sources */,
			);
			runOnlyForDeploymentPostprocessing = 0;
		};
		825587AB1AA51FA5003571F0 /* Sources */ = {
			isa = PBXSourcesBuildPhase;
			buildActionMask = 2147483647;
			files = (
				825587B61AA51FA5003571F0 /* PassingthoughtTests.m in Sources */,
			);
			runOnlyForDeploymentPostprocessing = 0;
		};
/* End PBXSourcesBuildPhase section */

/* Begin PBXTargetDependency section */
		825587B11AA51FA5003571F0 /* PBXTargetDependency */ = {
			isa = PBXTargetDependency;
			target = 8255878F1AA51FA5003571F0 /* Passingthought */;
			targetProxy = 825587B01AA51FA5003571F0 /* PBXContainerItemProxy */;
		};
/* End PBXTargetDependency section */

/* Begin PBXVariantGroup section */
		825587A31AA51FA5003571F0 /* Main.storyboard */ = {
			isa = PBXVariantGroup;
			children = (
				825587A41AA51FA5003571F0 /* Base */,
			);
			name = Main.storyboard;
			sourceTree = "<group>";
		};
		825587A81AA51FA5003571F0 /* LaunchScreen.xib */ = {
			isa = PBXVariantGroup;
			children = (
				825587A91AA51FA5003571F0 /* Base */,
			);
			name = LaunchScreen.xib;
			sourceTree = "<group>";
		};
/* End PBXVariantGroup section */

/* Begin XCBuildConfiguration section */
		825587B71AA51FA5003571F0 /* Debug */ = {
			isa = XCBuildConfiguration;
			buildSettings = {
				ALWAYS_SEARCH_USER_PATHS = NO;
				CLANG_CXX_LANGUAGE_STANDARD = "gnu++0x";
				CLANG_CXX_LIBRARY = "libc++";
				CLANG_ENABLE_MODULES = YES;
				CLANG_ENABLE_OBJC_ARC = YES;
				CLANG_WARN_BOOL_CONVERSION = YES;
				CLANG_WARN_CONSTANT_CONVERSION = YES;
				CLANG_WARN_DIRECT_OBJC_ISA_USAGE = YES_ERROR;
				CLANG_WARN_EMPTY_BODY = YES;
				CLANG_WARN_ENUM_CONVERSION = YES;
				CLANG_WARN_INT_CONVERSION = YES;
				CLANG_WARN_OBJC_ROOT_CLASS = YES_ERROR;
				CLANG_WARN_UNREACHABLE_CODE = YES;
				CLANG_WARN__DUPLICATE_METHOD_MATCH = YES;
				"CODE_SIGN_IDENTITY[sdk=iphoneos*]" = "iPhone Developer";
				COPY_PHASE_STRIP = NO;
				ENABLE_STRICT_OBJC_MSGSEND = YES;
				GCC_C_LANGUAGE_STANDARD = gnu99;
				GCC_DYNAMIC_NO_PIC = NO;
				GCC_OPTIMIZATION_LEVEL = 0;
				GCC_PREPROCESSOR_DEFINITIONS = (
					"DEBUG=1",
					"$(inherited)",
				);
				GCC_SYMBOLS_PRIVATE_EXTERN = NO;
				GCC_WARN_64_TO_32_BIT_CONVERSION = YES;
				GCC_WARN_ABOUT_RETURN_TYPE = YES_ERROR;
				GCC_WARN_UNDECLARED_SELECTOR = YES;
				GCC_WARN_UNINITIALIZED_AUTOS = YES_AGGRESSIVE;
				GCC_WARN_UNUSED_FUNCTION = YES;
				GCC_WARN_UNUSED_VARIABLE = YES;
				IPHONEOS_DEPLOYMENT_TARGET = 8.1;
				MTL_ENABLE_DEBUG_INFO = YES;
				ONLY_ACTIVE_ARCH = YES;
				SDKROOT = iphoneos;
			};
			name = Debug;
		};
		825587B81AA51FA5003571F0 /* Release */ = {
			isa = XCBuildConfiguration;
			buildSettings = {
				ALWAYS_SEARCH_USER_PATHS = NO;
				CLANG_CXX_LANGUAGE_STANDARD = "gnu++0x";
				CLANG_CXX_LIBRARY = "libc++";
				CLANG_ENABLE_MODULES = YES;
				CLANG_ENABLE_OBJC_ARC = YES;
				CLANG_WARN_BOOL_CONVERSION = YES;
				CLANG_WARN_CONSTANT_CONVERSION = YES;
				CLANG_WARN_DIRECT_OBJC_ISA_USAGE = YES_ERROR;
				CLANG_WARN_EMPTY_BODY = YES;
				CLANG_WARN_ENUM_CONVERSION = YES;
				CLANG_WARN_INT_CONVERSION = YES;
				CLANG_WARN_OBJC_ROOT_CLASS = YES_ERROR;
				CLANG_WARN_UNREACHABLE_CODE = YES;
				CLANG_WARN__DUPLICATE_METHOD_MATCH = YES;
				"CODE_SIGN_IDENTITY[sdk=iphoneos*]" = "iPhone Developer";
				COPY_PHASE_STRIP = YES;
				ENABLE_NS_ASSERTIONS = NO;
				ENABLE_STRICT_OBJC_MSGSEND = YES;
				GCC_C_LANGUAGE_STANDARD = gnu99;
				GCC_WARN_64_TO_32_BIT_CONVERSION = YES;
				GCC_WARN_ABOUT_RETURN_TYPE = YES_ERROR;
				GCC_WARN_UNDECLARED_SELECTOR = YES;
				GCC_WARN_UNINITIALIZED_AUTOS = YES_AGGRESSIVE;
				GCC_WARN_UNUSED_FUNCTION = YES;
				GCC_WARN_UNUSED_VARIABLE = YES;
				IPHONEOS_DEPLOYMENT_TARGET = 8.1;
				MTL_ENABLE_DEBUG_INFO = NO;
				SDKROOT = iphoneos;
				VALIDATE_PRODUCT = YES;
			};
			name = Release;
		};
		825587BA1AA51FA5003571F0 /* Debug */ = {
			isa = XCBuildConfiguration;
			buildSettings = {
				ASSETCATALOG_COMPILER_APPICON_NAME = AppIcon;
				INFOPLIST_FILE = Passingthought/Info.plist;
				LD_RUNPATH_SEARCH_PATHS = "$(inherited) @executable_path/Frameworks";
				PRODUCT_NAME = "$(TARGET_NAME)";
			};
			name = Debug;
		};
		825587BB1AA51FA5003571F0 /* Release */ = {
			isa = XCBuildConfiguration;
			buildSettings = {
				ASSETCATALOG_COMPILER_APPICON_NAME = AppIcon;
				INFOPLIST_FILE = Passingthought/Info.plist;
				LD_RUNPATH_SEARCH_PATHS = "$(inherited) @executable_path/Frameworks";
				PRODUCT_NAME = "$(TARGET_NAME)";
			};
			name = Release;
		};
		825587BD1AA51FA5003571F0 /* Debug */ = {
			isa = XCBuildConfiguration;
			buildSettings = {
				BUNDLE_LOADER = "$(TEST_HOST)";
				FRAMEWORK_SEARCH_PATHS = (
					"$(SDKROOT)/Developer/Library/Frameworks",
					"$(inherited)",
				);
				GCC_PREPROCESSOR_DEFINITIONS = (
					"DEBUG=1",
					"$(inherited)",
				);
				INFOPLIST_FILE = PassingthoughtTests/Info.plist;
				LD_RUNPATH_SEARCH_PATHS = "$(inherited) @executable_path/Frameworks @loader_path/Frameworks";
				PRODUCT_NAME = "$(TARGET_NAME)";
				TEST_HOST = "$(BUILT_PRODUCTS_DIR)/Passingthought.app/Passingthought";
			};
			name = Debug;
		};
		825587BE1AA51FA5003571F0 /* Release */ = {
			isa = XCBuildConfiguration;
			buildSettings = {
				BUNDLE_LOADER = "$(TEST_HOST)";
				FRAMEWORK_SEARCH_PATHS = (
					"$(SDKROOT)/Developer/Library/Frameworks",
					"$(inherited)",
				);
				INFOPLIST_FILE = PassingthoughtTests/Info.plist;
				LD_RUNPATH_SEARCH_PATHS = "$(inherited) @executable_path/Frameworks @loader_path/Frameworks";
				PRODUCT_NAME = "$(TARGET_NAME)";
				TEST_HOST = "$(BUILT_PRODUCTS_DIR)/Passingthought.app/Passingthought";
			};
			name = Release;
		};
/* End XCBuildConfiguration section */

/* Begin XCConfigurationList section */
		8255878B1AA51FA5003571F0 /* Build configuration list for PBXProject "Passingthought" */ = {
			isa = XCConfigurationList;
			buildConfigurations = (
				825587B71AA51FA5003571F0 /* Debug */,
				825587B81AA51FA5003571F0 /* Release */,
			);
			defaultConfigurationIsVisible = 0;
			defaultConfigurationName = Release;
		};
		825587B91AA51FA5003571F0 /* Build configuration list for PBXNativeTarget "Passingthought" */ = {
			isa = XCConfigurationList;
			buildConfigurations = (
				825587BA1AA51FA5003571F0 /* Debug */,
				825587BB1AA51FA5003571F0 /* Release */,
			);
			defaultConfigurationIsVisible = 0;
			defaultConfigurationName = Release;
		};
		825587BC1AA51FA5003571F0 /* Build configuration list for PBXNativeTarget "PassingthoughtTests" */ = {
			isa = XCConfigurationList;
			buildConfigurations = (
				825587BD1AA51FA5003571F0 /* Debug */,
				825587BE1AA51FA5003571F0 /* Release */,
			);
			defaultConfigurationIsVisible = 0;
			defaultConfigurationName = Release;
		};
/* End XCConfigurationList section */

/* Begin XCVersionGroup section */
		8255879A1AA51FA5003571F0 /* Passingthought.xcdatamodeld */ = {
			isa = XCVersionGroup;
			children = (
				825587BF1AA52294003571F0 /* Passingthought 2.xcdatamodel */,
				8255879B1AA51FA5003571F0 /* Passingthought.xcdatamodel */,
			);
			currentVersion = 825587BF1AA52294003571F0 /* Passingthought 2.xcdatamodel */;
			path = Passingthought.xcdatamodeld;
			sourceTree = "<group>";
			versionGroupType = wrapper.xcdatamodel;
		};
/* End XCVersionGroup section */
	};
	rootObject = 825587881AA51FA5003571F0 /* Project object */;
}
